<?xml version="1.0" encoding="UTF-8"?>
<Scheme
   LastUpgradeVersion = "1250"
   version = "1.7">
   <BuildAction
      parallelizeBuildables = "YES"
      buildImplicitDependencies = "YES">
      <BuildActionEntries>
         <BuildActionEntry
            buildForTesting = "YES"
            buildForRunning = "YES"
            buildForProfiling = "YES"
            buildForArchiving = "YES"
            buildForAnalyzing = "YES">
            <BuildableReference
               BuildableIdentifier = "primary"
               BlueprintIdentifier = "4387F187269011FF00F6355D"
               BuildableName = "NiceSpot.app"
               BlueprintName = "NiceSpot"
               ReferencedContainer = "container:NiceSpot.xcodeproj">
            </BuildableReference>
         </BuildActionEntry>
      </BuildActionEntries>
   </BuildAction>
   <TestAction
      buildConfiguration = "Debug"
      selectedDebuggerIdentifier = "Xcode.DebuggerFoundation.Debugger.LLDB"
      selectedLauncherIdentifier = "Xcode.DebuggerFoundation.Launcher.LLDB"
      shouldUseLaunchSchemeArgsEnv = "YES"
      codeCoverageEnabled = "YES">
      <PreActions>
         <ExecutionAction
            ActionType = "Xcode.IDEStandardExecutionActionsCore.ExecutionActionType.ShellScriptAction">
            <ActionContent
               title = "Run Script"
               scriptText = "xcrun cktool reset-schema \&#10;--team-id  W8A2PVHCN3 \&#10;--container-id iCloud.fr.hludovic.container1&#10;&#10;xcrun cktool import-schema \&#10;--team-id  W8A2PVHCN3 \&#10;--container-id iCloud.fr.hludovic.container1 \&#10;--environment development \&#10;--file $PROJECT_DIR/NiceSpot/Model/schema.ckdb&#10;&#10;xcrun cktool create-record \&#10;--team-id W8A2PVHCN3 \&#10;--container-id iCloud.fr.hludovic.container1 \&#10;--environment development \&#10;--database-type public \&#10;--record-type SpotCK \&#10;--fields-json &apos;{&#10;  &quot;detail&quot; : {&#10;    &quot;type&quot; : &quot;stringType&quot;,&#10;    &quot;value&quot; : &quot;Assur&#xe9;ment une des plus belles plages en Guadeloupe ! La plage de la Caravelle, qui se trouve &#xe0; Sainte-Anne, fait en effet figure de r&#xe9;f&#xe9;rence en terme de destination paradisiaque, puisqu&#x2019;elle concentre tous les &#xe9;l&#xe9;ments qui la d&#xe9;finissent comme les cocotiers toisant les touristes venus profiter des joies du sable blanc et des eaux cristallines, ainsi que des spots de plong&#xe9;e sous-marine ! Tr&#xe8;s fr&#xe9;quent&#xe9;e en raison de sa renomm&#xe9;e, il est toutefois possible d&#x2019;y profiter d&#x2019;un moment de calme lors des douces soir&#xe9;es propres &#xe0; la Guadeloupe.&quot;&#10;  },&#10;  &quot;title&quot; : {&#10;    &quot;type&quot; : &quot;stringType&quot;,&#10;    &quot;value&quot; : &quot;La Plage de la Caravelle&quot;&#10;  },&#10;  &quot;pictureName&quot; : {&#10;    &quot;type&quot; : &quot;stringType&quot;,&#10;    &quot;value&quot; : &quot;caravelle_1_9Si4lB6Fw&quot;&#10;  },&#10;  &quot;municipality&quot; : {&#10;    &quot;type&quot; : &quot;stringType&quot;,&#10;    &quot;value&quot; : &quot;Sainte-Anne&quot;&#10;  },&#10;  &quot;location&quot; : {&#10;    &quot;type&quot; : &quot;locationType&quot;,&#10;    &quot;value&quot; : {&#10;      &quot;longitude&quot; : -61.393671915550513,&#10;      &quot;latitude&quot; : 16.221350519784288&#10;    }&#10;  },&#10;  &quot;category&quot; : {&#10;    &quot;type&quot; : &quot;stringType&quot;,&#10;    &quot;value&quot; : &quot;Beach&quot;&#10;  }&#10;}&apos;&#10;&#10;xcrun cktool create-record \&#10;--team-id W8A2PVHCN3 \&#10;--container-id iCloud.fr.hludovic.container1 \&#10;--environment development \&#10;--database-type public \&#10;--record-type SpotCK \&#10;--fields-json &apos;{&#10;  &quot;detail&quot; : {&#10;    &quot;type&quot; : &quot;stringType&quot;,&#10;    &quot;value&quot; : &quot;Situ&#xe9;e sur la route de la Travers&#xe9;e sur Basse Terre, &#xe0; un kilom&#xe8;tre de la Maison de la For&#xea;t, cette petite cascade d&#x2019;environ 10 m&#xe8;tres de hauteur est tr&#xe8;s facile d&#x2019;acc&#xe8;s. Un parking permet de vous stationner, o&#xf9; est &#xe9;galement implant&#xe9; un plan du trac&#xe9; ainsi qu&#x2019;un descriptif des esp&#xe8;ces que vous pourrez rencontrer sur le parcours.\nUn chemin ombrag&#xe9; par une v&#xe9;g&#xe9;tation luxuriante, enti&#xe8;rement balis&#xe9; le long de la rivi&#xe8;re Corossol, vous emm&#xe8;nera en seulement une dizaine de minutes, face &#xe0; cette jolie cascade en pleine for&#xea;t tropicale. Accessible &#xe0; tous, il n&#x2019;est pas n&#xe9;cessaire d&#x2019;&#xea;tre bon marcheur pour aller voir la cascade aux &#xc9;crevisses, m&#xea;me les plus petits pourront y acc&#xe9;der sans aucun probl&#xe8;me.&quot;&#10;  },&#10;  &quot;title&quot; : {&#10;    &quot;type&quot; : &quot;stringType&quot;,&#10;    &quot;value&quot; : &quot;La Cascade aux Ecrevisses&quot;&#10;  },&#10;  &quot;pictureName&quot; : {&#10;    &quot;type&quot; : &quot;stringType&quot;,&#10;    &quot;value&quot; : &quot;cascecr_1_GqbzwSMC4&quot;&#10;  },&#10;  &quot;municipality&quot; : {&#10;    &quot;type&quot; : &quot;stringType&quot;,&#10;    &quot;value&quot; : &quot;Petit-Bourg&quot;&#10;  },&#10;  &quot;location&quot; : {&#10;    &quot;type&quot; : &quot;locationType&quot;,&#10;    &quot;value&quot; : {&#10;      &quot;longitude&quot; : -61.680832144386777,&#10;      &quot;latitude&quot; : 16.179118967390906&#10;    }&#10;  },&#10;  &quot;category&quot; : {&#10;    &quot;type&quot; : &quot;stringType&quot;,&#10;    &quot;value&quot; : &quot;Waterfall&quot;&#10;  }&#10;}&apos;&#10;&#10;xcrun cktool create-record \&#10;--team-id W8A2PVHCN3 \&#10;--container-id iCloud.fr.hludovic.container1 \&#10;--environment development \&#10;--database-type public \&#10;--record-type SpotCK \&#10;--fields-json &apos;{&#10;  &quot;title&quot; : {&#10;    &quot;type&quot; : &quot;stringType&quot;,&#10;    &quot;value&quot; : &quot;L&#x2019;Anse Cara&#xef;be&quot;&#10;  },&#10;  &quot;detail&quot; : {&#10;    &quot;type&quot; : &quot;stringType&quot;,&#10;    &quot;value&quot; : &quot;C&#x2019;est &#xe0; Pointe-Noire qu&#x2019;on retrouve la plage Cara&#xef;be, qui propose une ambiance typiquement&#x2026; carib&#xe9;enne : de nombreux lolos proposent, moyennant quelques euros, acras de morue et en-cas &#xe0; d&#xe9;guster sur le pouce en &#xe9;coutant la musique locale crach&#xe9;e par les &#xab; sound-systems &#xbb; diss&#xe9;min&#xe9;s anarchiquement au bord de la plage ! Plut&#xf4;t destin&#xe9;e aux jeunes f&#xea;tards, cette plage peu touristique s&#x2019;adresse aussi aux amateurs de kayak de mer et&#x2026; de tortues, puisque c&#x2019;est un lieu de ponte des tortues carets qu&#x2019;il est parfois possible d&#x2019;apercevoir.&quot;&#10;  },&#10;  &quot;pictureName&quot; : {&#10;    &quot;type&quot; : &quot;stringType&quot;,&#10;    &quot;value&quot; : &quot;ansecara_1_xZg8Y1NNou&quot;&#10;  },&#10;  &quot;municipality&quot; : {&#10;    &quot;type&quot; : &quot;stringType&quot;,&#10;    &quot;value&quot; : &quot;Pointe-Noire&quot;&#10;  },&#10;  &quot;category&quot; : {&#10;    &quot;type&quot; : &quot;stringType&quot;,&#10;    &quot;value&quot; : &quot;Beach&quot;&#10;  },&#10;  &quot;location&quot; : {&#10;    &quot;type&quot; : &quot;locationType&quot;,&#10;    &quot;value&quot; : {&#10;      &quot;longitude&quot; : -61.782572999999999,&#10;      &quot;latitude&quot; : 16.212364999999998&#10;    }&#10;  }&#10;}&apos;&#10;&#10;xcrun cktool create-record \&#10;--team-id W8A2PVHCN3 \&#10;--container-id iCloud.fr.hludovic.container1 \&#10;--environment development \&#10;--database-type public \&#10;--record-type SpotCK \&#10;--fields-json &apos;{&#10;  &quot;detail&quot; : {&#10;    &quot;type&quot; : &quot;stringType&quot;,&#10;    &quot;value&quot; : &quot;C&#x2019;est &#xe0; Port-Louis, sur la c&#xf4;te nord-ouest de l&#x2019;&#xee;le de Grande-Terre, que se situe l&#x2019;Anse du Souffleur : large et &#xe9;tendue, cette plage de sable est tr&#xe8;s pris&#xe9;e par les familles qui viennent s&#x2019;y pr&#xe9;lasser en compagnie de leurs enfants, et des adolescents Guadeloup&#xe9;ens qui viennent y parfaire leur technique de drague ! Tr&#xe8;s vivante et anim&#xe9;e, le lieu est populaire et on peut y admirer un coucher de soleil splendide puis, pourquoi pas, y faire la f&#xea;te : de nombreuses petites paillotes y servent rhums et cocktails dans une ambiance festive et d&#xe9;contract&#xe9;e.&quot;&#10;  },&#10;  &quot;title&quot; : {&#10;    &quot;type&quot; : &quot;stringType&quot;,&#10;    &quot;value&quot; : &quot;L&#x2019;Anse du Souffleur&quot;&#10;  },&#10;  &quot;pictureName&quot; : {&#10;    &quot;type&quot; : &quot;stringType&quot;,&#10;    &quot;value&quot; : &quot;souffleur_1_SCYKN8jlU&quot;&#10;  },&#10;  &quot;municipality&quot; : {&#10;    &quot;type&quot; : &quot;stringType&quot;,&#10;    &quot;value&quot; : &quot;Port-Louis&quot;&#10;  },&#10;  &quot;location&quot; : {&#10;    &quot;type&quot; : &quot;locationType&quot;,&#10;    &quot;value&quot; : {&#10;      &quot;longitude&quot; : -61.534637723479833,&#10;      &quot;latitude&quot; : 16.428062969797985&#10;    }&#10;  },&#10;  &quot;category&quot; : {&#10;    &quot;type&quot; : &quot;stringType&quot;,&#10;    &quot;value&quot; : &quot;Beach&quot;&#10;  }&#10;}&apos;&#10;&#10;xcrun cktool create-record \&#10;--team-id W8A2PVHCN3 \&#10;--container-id iCloud.fr.hludovic.container1 \&#10;--environment development \&#10;--database-type public \&#10;--record-type SpotCK \&#10;--fields-json &apos;{&#10;   &quot;detail&quot; : {&#10;     &quot;type&quot; : &quot;stringType&quot;,&#10;     &quot;value&quot; : &quot;Les chutes du Carbet sont trois chutes d&#x2019;eau situ&#xe9;es sur le cours de la rivi&#xe8;re du Grand Carbet. Elles sont situ&#xe9;es sur le territoire de la commune de Capesterre-Belle-Eau sur l&#x2019;&#xee;le de Basse-Terre dans le Parc national de la Guadeloupe, dans la for&#xea;t humide au pied du volcan de la Soufri&#xe8;re.\nEn 1493, Christophe Colomb les d&#xe9;crit dans son carnet de bord, L&#x2019;&#xee;le de Karukera.&quot;&#10;   },&#10;   &quot;title&quot; : {&#10;     &quot;type&quot; : &quot;stringType&quot;,&#10;     &quot;value&quot; : &quot;Les Chutes du Carbet&quot;&#10;   },&#10;   &quot;pictureName&quot; : {&#10;     &quot;type&quot; : &quot;stringType&quot;,&#10;     &quot;value&quot; : &quot;chucarb_1_MZAanf7dt&quot;&#10;   },&#10;   &quot;municipality&quot; : {&#10;     &quot;type&quot; : &quot;stringType&quot;,&#10;     &quot;value&quot; : &quot;Capesterre-Belle-Eau&quot;&#10;   },&#10;   &quot;location&quot; : {&#10;     &quot;type&quot; : &quot;locationType&quot;,&#10;     &quot;value&quot; : {&#10;       &quot;longitude&quot; : -61.637919915552317,&#10;       &quot;latitude&quot; : 16.041969432126262&#10;     }&#10;   },&#10;   &quot;category&quot; : {&#10;     &quot;type&quot; : &quot;stringType&quot;,&#10;     &quot;value&quot; : &quot;Waterfall&quot;&#10;   }&#10;}&apos;&#10;&#10;xcrun cktool create-record \&#10;--team-id W8A2PVHCN3 \&#10;--container-id iCloud.fr.hludovic.container1 \&#10;--environment development \&#10;--database-type public \&#10;--record-type SpotCK \&#10;--fields-json &apos;{&#10;  &quot;municipality&quot; : {&#10;    &quot;type&quot; : &quot;stringType&quot;,&#10;    &quot;value&quot; : &quot;Sainte-Rose&quot;&#10;  },&#10;  &quot;title&quot; : {&#10;    &quot;type&quot; : &quot;stringType&quot;,&#10;    &quot;value&quot; : &quot;Le Saut des Trois Cornes&quot;&#10;  },&#10;  &quot;detail&quot; : {&#10;    &quot;type&quot; : &quot;stringType&quot;,&#10;    &quot;value&quot; : &quot;D&#xe9;part face aux bains de Sofa&#xef;a. Bien balis&#xe9;, disposant de panneaux tout le long du parcours, r&#xe9;guli&#xe8;rement entretenu par l&#x2019;Office Nationale des For&#xea;ts, le sentier permet de d&#xe9;couvrir la for&#xea;t tropicale. \nOn parvient &#xe0; une descente de plusieurs dizaines de m&#xe8;tres puis on traverse la rivi&#xe8;re Moustique, attention, les pierres peuvent &#xea;tre glissantes par temps de pluie. Apr&#xe8;s 3 km de marche, on d&#xe9;couvre la chute. Choix possible entre douche vivifiante ou bain paisible en pleine nature. Sur le chemin du retour, on traverse une petite ravine et suit un sentier botanique (compter 1h30 aller-retour).&quot;&#10;  },&#10;  &quot;pictureName&quot; : {&#10;    &quot;type&quot; : &quot;stringType&quot;,&#10;    &quot;value&quot; : &quot;sautdtroic_1_moa8h6UxA&quot;&#10;  },&#10;  &quot;category&quot; : {&#10;    &quot;type&quot; : &quot;stringType&quot;,&#10;    &quot;value&quot; : &quot;Waterfall&quot;&#10;  },&#10;  &quot;location&quot; : {&#10;    &quot;type&quot; : &quot;locationType&quot;,&#10;    &quot;value&quot; : {&#10;      &quot;longitude&quot; : -61.726932344385709,&#10;      &quot;latitude&quot; : 16.281835454047215&#10;    }&#10;  }&#10;}&apos;&#10;&#10;xcrun cktool create-record \&#10;--team-id W8A2PVHCN3 \&#10;--container-id iCloud.fr.hludovic.container1 \&#10;--environment development \&#10;--database-type public \&#10;--record-type SpotCK \&#10;--fields-json &apos;{&#10;  &quot;municipality&quot; : {&#10;    &quot;type&quot; : &quot;stringType&quot;,&#10;    &quot;value&quot; : &quot;Saint-Claude&quot;&#10;  },&#10;  &quot;detail&quot; : {&#10;    &quot;type&quot; : &quot;stringType&quot;,&#10;    &quot;value&quot; : &quot;La Soufri&#xe8;re, surnomm&#xe9;e &#xab; vi&#xe9; madanm la &#xbb; en cr&#xe9;ole guadeloup&#xe9;en, litt&#xe9;ralement &#xab; la vieille dame &#xbb; en fran&#xe7;ais, est un volcan en activit&#xe9; situ&#xe9; sur le territoire de la commune de Saint-Claude en Guadeloupe, dans le parc national du m&#xea;me nom, dans le Sud de l&#x2019;&#xee;le de Basse-Terre.\n\nLa commune de Basse-Terre, chef-lieu du d&#xe9;partement et r&#xe9;gion d&#x2019;outre-mer, se trouve &#xe0; une dizaine de kilom&#xe8;tres au sud-ouest et les chutes du Carbet sur son flanc est.\n\nC&#x2019;est le seul volcan actif de l&#x2019;&#xee;le, actuellement &#xe0; l&#x2019;&#xe9;tat de repos &#xe9;ruptif.&quot;&#10;  },&#10;  &quot;pictureName&quot; : {&#10;    &quot;type&quot; : &quot;stringType&quot;,&#10;    &quot;value&quot; : &quot;soufriere_1_hS9eQn3KW&quot;&#10;  },&#10;  &quot;title&quot; : {&#10;    &quot;type&quot; : &quot;stringType&quot;,&#10;    &quot;value&quot; : &quot;La Grande Soufri&#xe8;re&quot;&#10;  },&#10;  &quot;category&quot; : {&#10;    &quot;type&quot; : &quot;stringType&quot;,&#10;    &quot;value&quot; : &quot;Mountain&quot;&#10;  },&#10;  &quot;location&quot; : {&#10;    &quot;type&quot; : &quot;locationType&quot;,&#10;    &quot;value&quot; : {&#10;      &quot;longitude&quot; : -61.663333333333334,&#10;      &quot;latitude&quot; : 16.043888899999999&#10;    }&#10;  }&#10;}&apos;&#10;&#10;xcrun cktool create-record \&#10;--team-id W8A2PVHCN3 \&#10;--container-id iCloud.fr.hludovic.container1 \&#10;--environment development \&#10;--database-type public \&#10;--record-type SpotCK \&#10;--fields-json &apos;{&#10;  &quot;municipality&quot; : {&#10;    &quot;type&quot; : &quot;stringType&quot;,&#10;    &quot;value&quot; : &quot;Le Gosier&quot;&#10;  },&#10;  &quot;detail&quot; : {&#10;    &quot;type&quot; : &quot;stringType&quot;,&#10;    &quot;value&quot; : &quot;En plein c&#x153;ur de village du Gosier, je suis tomb&#xe9; sous le charme de la plage de la Datcha. Elle offre un panorama absolument idyllique sur l&#x2019;ilet du Gosier que l&#x2019;on peut rejoindre en bateau, en cano&#xeb; ou m&#xea;me &#xe0; la nage.\nVous trouverez ici plusieurs petits restaurants et de nombreux &#xe9;quipements.\nSi vous recherchez un spot id&#xe9;al pour le caf&#xe9; du matin les pieds dans le sable, la plage de la Datcha est d&#xe9;finitivement l&#x2019;endroit qu&#x2019;il vous faut.&quot;&#10;  },&#10;  &quot;title&quot; : {&#10;    &quot;type&quot; : &quot;stringType&quot;,&#10;    &quot;value&quot; : &quot;La plage de la Datcha&quot;&#10;  },&#10;  &quot;pictureName&quot; : {&#10;    &quot;type&quot; : &quot;stringType&quot;,&#10;    &quot;value&quot; : &quot;datcha_1_tGuQ_D_Q4&quot;&#10;  },&#10;  &quot;location&quot; : {&#10;    &quot;type&quot; : &quot;locationType&quot;,&#10;    &quot;value&quot; : {&#10;      &quot;longitude&quot; : -61.495531790466451,&#10;      &quot;latitude&quot; : 16.204663351084449&#10;    }&#10;  },&#10;  &quot;category&quot; : {&#10;    &quot;type&quot; : &quot;stringType&quot;,&#10;    &quot;value&quot; : &quot;Beach&quot;&#10;  }&#10;}&apos;&#10;&#10;xcrun cktool create-record \&#10;--team-id W8A2PVHCN3 \&#10;--container-id iCloud.fr.hludovic.container1 \&#10;--environment development \&#10;--database-type public \&#10;--record-type SpotCK \&#10;--fields-json &apos;{&#10;  &quot;municipality&quot; : {&#10;    &quot;type&quot; : &quot;stringType&quot;,&#10;    &quot;value&quot; : &quot;Deshaies&quot;&#10;  },&#10;  &quot;detail&quot; : {&#10;    &quot;type&quot; : &quot;stringType&quot;,&#10;    &quot;value&quot; : &quot;La plage de l&#x2019;Anse Rifflet se situe au nord de la belle Basse Terre. A une poign&#xe9;e de kilom&#xe8;tres de la bourgade de Deshaies, il faut tourner &#xe0; gauche, dans une descente (panneau) pour y acc&#xe9;der.\n\nElle se trouve juste &#xe0; c&#xf4;t&#xe9; de la tr&#xe8;s belle plage de la Perle. Les lieux ne sont pas connus du tourisme de masse. Ceux-ci pr&#xe9;f&#xe8;rent aller sur la jolie mais bien plus fr&#xe9;quent&#xe9;e plage de Grande Anse.\n\nLa plage de l&#x2019;Anse Rifflet appelle au farniente et &#xe0; la contemplation. Impossible de rater vos photos de cette plage, les lieux sont tout droit sortis d&#x2019;une carte postale.&quot;&#10;  },&#10;  &quot;title&quot; : {&#10;    &quot;type&quot; : &quot;stringType&quot;,&#10;    &quot;value&quot; : &quot;La plage de l&#x2019;Anse Rifflet&quot;&#10;  },&#10;  &quot;pictureName&quot; : {&#10;    &quot;type&quot; : &quot;stringType&quot;,&#10;    &quot;value&quot; : &quot;rifflet_1_7ibkpASzL&quot;&#10;  },&#10;  &quot;location&quot; : {&#10;    &quot;type&quot; : &quot;locationType&quot;,&#10;    &quot;value&quot; : {&#10;      &quot;longitude&quot; : -61.785589000000002,&#10;      &quot;latitude&quot; : 16.336857999999999&#10;    }&#10;  },&#10;  &quot;category&quot; : {&#10;    &quot;type&quot; : &quot;stringType&quot;,&#10;    &quot;value&quot; : &quot;Beach&quot;&#10;  }&#10;}&apos;&#10;">
               <EnvironmentBuildable>
                  <BuildableReference
                     BuildableIdentifier = "primary"
                     BlueprintIdentifier = "4387F187269011FF00F6355D"
                     BuildableName = "NiceSpot.app"
                     BlueprintName = "NiceSpot"
                     ReferencedContainer = "container:NiceSpot.xcodeproj">
                  </BuildableReference>
               </EnvironmentBuildable>
            </ActionContent>
         </ExecutionAction>
      </PreActions>
      <Testables>
         <TestableReference
            skipped = "NO">
            <BuildableReference
               BuildableIdentifier = "primary"
               BlueprintIdentifier = "4354C3742694D49900AD29D1"
               BuildableName = "NiceSpotTests.xctest"
               BlueprintName = "NiceSpotTests"
               ReferencedContainer = "container:NiceSpot.xcodeproj">
            </BuildableReference>
         </TestableReference>
      </Testables>
   </TestAction>
   <LaunchAction
      buildConfiguration = "Debug"
      selectedDebuggerIdentifier = "Xcode.DebuggerFoundation.Debugger.LLDB"
      selectedLauncherIdentifier = "Xcode.DebuggerFoundation.Launcher.LLDB"
      launchStyle = "0"
      useCustomWorkingDirectory = "NO"
      ignoresPersistentStateOnLaunch = "NO"
      debugDocumentVersioning = "YES"
      debugServiceExtension = "internal"
      allowLocationSimulation = "YES">
      <BuildableProductRunnable
         runnableDebuggingMode = "0">
         <BuildableReference
            BuildableIdentifier = "primary"
            BlueprintIdentifier = "4387F187269011FF00F6355D"
            BuildableName = "NiceSpot.app"
            BlueprintName = "NiceSpot"
            ReferencedContainer = "container:NiceSpot.xcodeproj">
         </BuildableReference>
      </BuildableProductRunnable>
   </LaunchAction>
   <ProfileAction
      buildConfiguration = "Release"
      shouldUseLaunchSchemeArgsEnv = "YES"
      savedToolIdentifier = ""
      useCustomWorkingDirectory = "NO"
      debugDocumentVersioning = "YES">
      <BuildableProductRunnable
         runnableDebuggingMode = "0">
         <BuildableReference
            BuildableIdentifier = "primary"
            BlueprintIdentifier = "4387F187269011FF00F6355D"
            BuildableName = "NiceSpot.app"
            BlueprintName = "NiceSpot"
            ReferencedContainer = "container:NiceSpot.xcodeproj">
         </BuildableReference>
      </BuildableProductRunnable>
   </ProfileAction>
   <AnalyzeAction
      buildConfiguration = "Debug">
   </AnalyzeAction>
   <ArchiveAction
      buildConfiguration = "Release"
      revealArchiveInOrganizer = "YES">
   </ArchiveAction>
</Scheme>
