// !$*UTF8*$!
{
	archiveVersion = 1;
	classes = {
	};
	objectVersion = 50;
	objects = {

/* Begin PBXBuildFile section */
		430788242694A6560089DF53 /* Spot.swift in Sources */ = {isa = PBXBuildFile; fileRef = 430788232694A6560089DF53 /* Spot.swift */; };
		43144CDE26E6A54700B0963F /* User.swift in Sources */ = {isa = PBXBuildFile; fileRef = 43144CDD26E6A54700B0963F /* User.swift */; };
		4347D04F26922428001E59A7 /* Persistence.swift in Sources */ = {isa = PBXBuildFile; fileRef = 4347D04E26922428001E59A7 /* Persistence.swift */; };
		4354C3802694D4E000AD29D1 /* TestableData.swift in Sources */ = {isa = PBXBuildFile; fileRef = 4354C37F2694D4E000AD29D1 /* TestableData.swift */; };
		4354C3842694D59800AD29D1 /* SpotTests.swift in Sources */ = {isa = PBXBuildFile; fileRef = 4354C3832694D59800AD29D1 /* SpotTests.swift */; };
		435D0B142694F0A400247151 /* Spot+Extensions.swift in Sources */ = {isa = PBXBuildFile; fileRef = 435D0B132694F0A400247151 /* Spot+Extensions.swift */; };
		4387F18C269011FF00F6355D /* AppDelegate.swift in Sources */ = {isa = PBXBuildFile; fileRef = 4387F18B269011FF00F6355D /* AppDelegate.swift */; };
		4387F18E269011FF00F6355D /* SceneDelegate.swift in Sources */ = {isa = PBXBuildFile; fileRef = 4387F18D269011FF00F6355D /* SceneDelegate.swift */; };
		4387F190269011FF00F6355D /* ViewController.swift in Sources */ = {isa = PBXBuildFile; fileRef = 4387F18F269011FF00F6355D /* ViewController.swift */; };
		4387F193269011FF00F6355D /* Main.storyboard in Resources */ = {isa = PBXBuildFile; fileRef = 4387F191269011FF00F6355D /* Main.storyboard */; };
		4387F1952690120000F6355D /* Assets.xcassets in Resources */ = {isa = PBXBuildFile; fileRef = 4387F1942690120000F6355D /* Assets.xcassets */; };
		4387F1982690120000F6355D /* LaunchScreen.storyboard in Resources */ = {isa = PBXBuildFile; fileRef = 4387F1962690120000F6355D /* LaunchScreen.storyboard */; };
		4387F1A82690195900F6355D /* NiceSpot.xcdatamodeld in Sources */ = {isa = PBXBuildFile; fileRef = 4387F1A62690195900F6355D /* NiceSpot.xcdatamodeld */; };
/* End PBXBuildFile section */

/* Begin PBXContainerItemProxy section */
		4354C37A2694D49900AD29D1 /* PBXContainerItemProxy */ = {
			isa = PBXContainerItemProxy;
			containerPortal = 4387F180269011FF00F6355D /* Project object */;
			proxyType = 1;
			remoteGlobalIDString = 4387F187269011FF00F6355D;
			remoteInfo = NiceSpot;
		};
/* End PBXContainerItemProxy section */

/* Begin PBXFileReference section */
		430788232694A6560089DF53 /* Spot.swift */ = {isa = PBXFileReference; lastKnownFileType = sourcecode.swift; path = Spot.swift; sourceTree = "<group>"; };
		43144CDD26E6A54700B0963F /* User.swift */ = {isa = PBXFileReference; lastKnownFileType = sourcecode.swift; path = User.swift; sourceTree = "<group>"; };
		4347D04E26922428001E59A7 /* Persistence.swift */ = {isa = PBXFileReference; lastKnownFileType = sourcecode.swift; path = Persistence.swift; sourceTree = "<group>"; };
		4354C3752694D49900AD29D1 /* NiceSpotTests.xctest */ = {isa = PBXFileReference; explicitFileType = wrapper.cfbundle; includeInIndex = 0; path = NiceSpotTests.xctest; sourceTree = BUILT_PRODUCTS_DIR; };
		4354C3792694D49900AD29D1 /* Info.plist */ = {isa = PBXFileReference; lastKnownFileType = text.plist.xml; path = Info.plist; sourceTree = "<group>"; };
		4354C37F2694D4E000AD29D1 /* TestableData.swift */ = {isa = PBXFileReference; lastKnownFileType = sourcecode.swift; path = TestableData.swift; sourceTree = "<group>"; };
		4354C3832694D59800AD29D1 /* SpotTests.swift */ = {isa = PBXFileReference; lastKnownFileType = sourcecode.swift; path = SpotTests.swift; sourceTree = "<group>"; };
		435D0B132694F0A400247151 /* Spot+Extensions.swift */ = {isa = PBXFileReference; lastKnownFileType = sourcecode.swift; path = "Spot+Extensions.swift"; sourceTree = "<group>"; };
		4387F188269011FF00F6355D /* NiceSpot.app */ = {isa = PBXFileReference; explicitFileType = wrapper.application; includeInIndex = 0; path = NiceSpot.app; sourceTree = BUILT_PRODUCTS_DIR; };
		4387F18B269011FF00F6355D /* AppDelegate.swift */ = {isa = PBXFileReference; lastKnownFileType = sourcecode.swift; path = AppDelegate.swift; sourceTree = "<group>"; };
		4387F18D269011FF00F6355D /* SceneDelegate.swift */ = {isa = PBXFileReference; lastKnownFileType = sourcecode.swift; path = SceneDelegate.swift; sourceTree = "<group>"; };
		4387F18F269011FF00F6355D /* ViewController.swift */ = {isa = PBXFileReference; lastKnownFileType = sourcecode.swift; path = ViewController.swift; sourceTree = "<group>"; };
		4387F192269011FF00F6355D /* Base */ = {isa = PBXFileReference; lastKnownFileType = file.storyboard; name = Base; path = Base.lproj/Main.storyboard; sourceTree = "<group>"; };
		4387F1942690120000F6355D /* Assets.xcassets */ = {isa = PBXFileReference; lastKnownFileType = folder.assetcatalog; path = Assets.xcassets; sourceTree = "<group>"; };
		4387F1972690120000F6355D /* Base */ = {isa = PBXFileReference; lastKnownFileType = file.storyboard; name = Base; path = Base.lproj/LaunchScreen.storyboard; sourceTree = "<group>"; };
		4387F1992690120000F6355D /* Info.plist */ = {isa = PBXFileReference; lastKnownFileType = text.plist.xml; path = Info.plist; sourceTree = "<group>"; };
		4387F1A0269012F600F6355D /* README.md */ = {isa = PBXFileReference; fileEncoding = 4; lastKnownFileType = net.daringfireball.markdown; path = README.md; sourceTree = "<group>"; };
		4387F1A72690195900F6355D /* NiceSpot.xcdatamodel */ = {isa = PBXFileReference; lastKnownFileType = wrapper.xcdatamodel; path = NiceSpot.xcdatamodel; sourceTree = "<group>"; };
/* End PBXFileReference section */

/* Begin PBXFrameworksBuildPhase section */
		4354C3722694D49900AD29D1 /* Frameworks */ = {
			isa = PBXFrameworksBuildPhase;
			buildActionMask = 2147483647;
			files = (
			);
			runOnlyForDeploymentPostprocessing = 0;
		};
		4387F185269011FF00F6355D /* Frameworks */ = {
			isa = PBXFrameworksBuildPhase;
			buildActionMask = 2147483647;
			files = (
			);
			runOnlyForDeploymentPostprocessing = 0;
		};
/* End PBXFrameworksBuildPhase section */

/* Begin PBXGroup section */
		4354C3762694D49900AD29D1 /* NiceSpotTests */ = {
			isa = PBXGroup;
			children = (
				4354C3832694D59800AD29D1 /* SpotTests.swift */,
				4354C37F2694D4E000AD29D1 /* TestableData.swift */,
				4354C3792694D49900AD29D1 /* Info.plist */,
			);
			path = NiceSpotTests;
			sourceTree = "<group>";
		};
		4387F17F269011FF00F6355D = {
			isa = PBXGroup;
			children = (
				4387F1A0269012F600F6355D /* README.md */,
				4387F18A269011FF00F6355D /* NiceSpot */,
				4354C3762694D49900AD29D1 /* NiceSpotTests */,
				4387F189269011FF00F6355D /* Products */,
			);
			sourceTree = "<group>";
		};
		4387F189269011FF00F6355D /* Products */ = {
			isa = PBXGroup;
			children = (
				4387F188269011FF00F6355D /* NiceSpot.app */,
				4354C3752694D49900AD29D1 /* NiceSpotTests.xctest */,
			);
			name = Products;
			sourceTree = "<group>";
		};
		4387F18A269011FF00F6355D /* NiceSpot */ = {
			isa = PBXGroup;
			children = (
				4387F1A4269018ED00F6355D /* View */,
				4387F1A3269018E700F6355D /* ViewModel */,
				4387F1A52690190900F6355D /* Model */,
				4387F1A2269015A300F6355D /* Supporting files */,
			);
			path = NiceSpot;
			sourceTree = "<group>";
		};
		4387F1A2269015A300F6355D /* Supporting files */ = {
			isa = PBXGroup;
			children = (
				4387F18B269011FF00F6355D /* AppDelegate.swift */,
				4387F18D269011FF00F6355D /* SceneDelegate.swift */,
				4387F1942690120000F6355D /* Assets.xcassets */,
				4387F1992690120000F6355D /* Info.plist */,
			);
			path = "Supporting files";
			sourceTree = "<group>";
		};
		4387F1A3269018E700F6355D /* ViewModel */ = {
			isa = PBXGroup;
			children = (
				4387F18F269011FF00F6355D /* ViewController.swift */,
			);
			path = ViewModel;
			sourceTree = "<group>";
		};
		4387F1A4269018ED00F6355D /* View */ = {
			isa = PBXGroup;
			children = (
				4387F191269011FF00F6355D /* Main.storyboard */,
				4387F1962690120000F6355D /* LaunchScreen.storyboard */,
			);
			path = View;
			sourceTree = "<group>";
		};
		4387F1A52690190900F6355D /* Model */ = {
			isa = PBXGroup;
			children = (
				4387F1A62690195900F6355D /* NiceSpot.xcdatamodeld */,
				430788232694A6560089DF53 /* Spot.swift */,
				435D0B132694F0A400247151 /* Spot+Extensions.swift */,
				43144CDD26E6A54700B0963F /* User.swift */,
				4347D04E26922428001E59A7 /* Persistence.swift */,
			);
			path = Model;
			sourceTree = "<group>";
		};
/* End PBXGroup section */

/* Begin PBXNativeTarget section */
		4354C3742694D49900AD29D1 /* NiceSpotTests */ = {
			isa = PBXNativeTarget;
			buildConfigurationList = 4354C37C2694D49900AD29D1 /* Build configuration list for PBXNativeTarget "NiceSpotTests" */;
			buildPhases = (
				4354C3712694D49900AD29D1 /* Sources */,
				4354C3722694D49900AD29D1 /* Frameworks */,
				4354C3732694D49900AD29D1 /* Resources */,
			);
			buildRules = (
			);
			dependencies = (
				4354C37B2694D49900AD29D1 /* PBXTargetDependency */,
			);
			name = NiceSpotTests;
			productName = NiceSpotTests;
			productReference = 4354C3752694D49900AD29D1 /* NiceSpotTests.xctest */;
			productType = "com.apple.product-type.bundle.unit-test";
		};
		4387F187269011FF00F6355D /* NiceSpot */ = {
			isa = PBXNativeTarget;
			buildConfigurationList = 4387F19C2690120000F6355D /* Build configuration list for PBXNativeTarget "NiceSpot" */;
			buildPhases = (
				4387F19F2690128C00F6355D /* ShellScript */,
				4387F184269011FF00F6355D /* Sources */,
				4387F185269011FF00F6355D /* Frameworks */,
				4387F186269011FF00F6355D /* Resources */,
			);
			buildRules = (
			);
			dependencies = (
			);
			name = NiceSpot;
			productName = NiceSpot;
			productReference = 4387F188269011FF00F6355D /* NiceSpot.app */;
			productType = "com.apple.product-type.application";
		};
/* End PBXNativeTarget section */

/* Begin PBXProject section */
		4387F180269011FF00F6355D /* Project object */ = {
			isa = PBXProject;
			attributes = {
				LastSwiftUpdateCheck = 1250;
				LastUpgradeCheck = 1250;
				TargetAttributes = {
					4354C3742694D49900AD29D1 = {
						CreatedOnToolsVersion = 12.5.1;
						TestTargetID = 4387F187269011FF00F6355D;
					};
					4387F187269011FF00F6355D = {
						CreatedOnToolsVersion = 12.5.1;
					};
				};
			};
			buildConfigurationList = 4387F183269011FF00F6355D /* Build configuration list for PBXProject "NiceSpot" */;
			compatibilityVersion = "Xcode 9.3";
			developmentRegion = en;
			hasScannedForEncodings = 0;
			knownRegions = (
				en,
				Base,
			);
			mainGroup = 4387F17F269011FF00F6355D;
			productRefGroup = 4387F189269011FF00F6355D /* Products */;
			projectDirPath = "";
			projectRoot = "";
			targets = (
				4387F187269011FF00F6355D /* NiceSpot */,
				4354C3742694D49900AD29D1 /* NiceSpotTests */,
			);
		};
/* End PBXProject section */

/* Begin PBXResourcesBuildPhase section */
		4354C3732694D49900AD29D1 /* Resources */ = {
			isa = PBXResourcesBuildPhase;
			buildActionMask = 2147483647;
			files = (
			);
			runOnlyForDeploymentPostprocessing = 0;
		};
		4387F186269011FF00F6355D /* Resources */ = {
			isa = PBXResourcesBuildPhase;
			buildActionMask = 2147483647;
			files = (
				4387F1982690120000F6355D /* LaunchScreen.storyboard in Resources */,
				4387F1952690120000F6355D /* Assets.xcassets in Resources */,
				4387F193269011FF00F6355D /* Main.storyboard in Resources */,
			);
			runOnlyForDeploymentPostprocessing = 0;
		};
/* End PBXResourcesBuildPhase section */

/* Begin PBXShellScriptBuildPhase section */
		4387F19F2690128C00F6355D /* ShellScript */ = {
			isa = PBXShellScriptBuildPhase;
			buildActionMask = 2147483647;
			files = (
			);
			inputFileListPaths = (
			);
			inputPaths = (
			);
			outputFileListPaths = (
			);
			outputPaths = (
			);
			runOnlyForDeploymentPostprocessing = 0;
			shellPath = /bin/sh;
			shellScript = "# Adds support for Apple Silicon brew directory\nexport PATH=\"$PATH:/opt/homebrew/bin\"\n\nif which swiftlint >/dev/null; then\n# swiftlint autocorrect && swiftlint\n    swiftlint\nelse\n  echo \"warning: SwiftLint not installed, download from https://github.com/realm/SwiftLint\"\nfi\n";
		};
/* End PBXShellScriptBuildPhase section */

/* Begin PBXSourcesBuildPhase section */
		4354C3712694D49900AD29D1 /* Sources */ = {
			isa = PBXSourcesBuildPhase;
			buildActionMask = 2147483647;
			files = (
				4354C3802694D4E000AD29D1 /* TestableData.swift in Sources */,
				4354C3842694D59800AD29D1 /* SpotTests.swift in Sources */,
			);
			runOnlyForDeploymentPostprocessing = 0;
		};
		4387F184269011FF00F6355D /* Sources */ = {
			isa = PBXSourcesBuildPhase;
			buildActionMask = 2147483647;
			files = (
				4387F190269011FF00F6355D /* ViewController.swift in Sources */,
				4387F18C269011FF00F6355D /* AppDelegate.swift in Sources */,
				430788242694A6560089DF53 /* Spot.swift in Sources */,
				4387F1A82690195900F6355D /* NiceSpot.xcdatamodeld in Sources */,
				43144CDE26E6A54700B0963F /* User.swift in Sources */,
				4387F18E269011FF00F6355D /* SceneDelegate.swift in Sources */,
				4347D04F26922428001E59A7 /* Persistence.swift in Sources */,
				435D0B142694F0A400247151 /* Spot+Extensions.swift in Sources */,
			);
			runOnlyForDeploymentPostprocessing = 0;
		};
/* End PBXSourcesBuildPhase section */

/* Begin PBXTargetDependency section */
		4354C37B2694D49900AD29D1 /* PBXTargetDependency */ = {
			isa = PBXTargetDependency;
			target = 4387F187269011FF00F6355D /* NiceSpot */;
			targetProxy = 4354C37A2694D49900AD29D1 /* PBXContainerItemProxy */;
		};
/* End PBXTargetDependency section */

/* Begin PBXVariantGroup section */
		4387F191269011FF00F6355D /* Main.storyboard */ = {
			isa = PBXVariantGroup;
			children = (
				4387F192269011FF00F6355D /* Base */,
			);
			name = Main.storyboard;
			sourceTree = "<group>";
		};
		4387F1962690120000F6355D /* LaunchScreen.storyboard */ = {
			isa = PBXVariantGroup;
			children = (
				4387F1972690120000F6355D /* Base */,
			);
			name = LaunchScreen.storyboard;
			sourceTree = "<group>";
		};
/* End PBXVariantGroup section */

/* Begin XCBuildConfiguration section */
		4354C37D2694D49900AD29D1 /* Debug */ = {
			isa = XCBuildConfiguration;
			buildSettings = {
				BUNDLE_LOADER = "$(TEST_HOST)";
				CODE_SIGN_STYLE = Automatic;
				DEVELOPMENT_TEAM = W8A2PVHCN3;
				INFOPLIST_FILE = NiceSpotTests/Info.plist;
				LD_RUNPATH_SEARCH_PATHS = (
					"$(inherited)",
					"@executable_path/Frameworks",
					"@loader_path/Frameworks",
				);
				PRODUCT_BUNDLE_IDENTIFIER = fr.hludovic.NiceSpotTests;
				PRODUCT_NAME = "$(TARGET_NAME)";
				SWIFT_VERSION = 5.0;
				TARGETED_DEVICE_FAMILY = "1,2";
				TEST_HOST = "$(BUILT_PRODUCTS_DIR)/NiceSpot.app/NiceSpot";
			};
			name = Debug;
		};
		4354C37E2694D49900AD29D1 /* Release */ = {
			isa = XCBuildConfiguration;
			buildSettings = {
				BUNDLE_LOADER = "$(TEST_HOST)";
				CODE_SIGN_STYLE = Automatic;
				DEVELOPMENT_TEAM = W8A2PVHCN3;
				INFOPLIST_FILE = NiceSpotTests/Info.plist;
				LD_RUNPATH_SEARCH_PATHS = (
					"$(inherited)",
					"@executable_path/Frameworks",
					"@loader_path/Frameworks",
				);
				PRODUCT_BUNDLE_IDENTIFIER = fr.hludovic.NiceSpotTests;
				PRODUCT_NAME = "$(TARGET_NAME)";
				SWIFT_VERSION = 5.0;
				TARGETED_DEVICE_FAMILY = "1,2";
				TEST_HOST = "$(BUILT_PRODUCTS_DIR)/NiceSpot.app/NiceSpot";
			};
			name = Release;
		};
		4387F19A2690120000F6355D /* Debug */ = {
			isa = XCBuildConfiguration;
			buildSettings = {
				ALWAYS_SEARCH_USER_PATHS = NO;
				CLANG_ANALYZER_NONNULL = YES;
				CLANG_ANALYZER_NUMBER_OBJECT_CONVERSION = YES_AGGRESSIVE;
				CLANG_CXX_LANGUAGE_STANDARD = "gnu++14";
				CLANG_CXX_LIBRARY = "libc++";
				CLANG_ENABLE_MODULES = YES;
				CLANG_ENABLE_OBJC_ARC = YES;
				CLANG_ENABLE_OBJC_WEAK = YES;
				CLANG_WARN_BLOCK_CAPTURE_AUTORELEASING = YES;
				CLANG_WARN_BOOL_CONVERSION = YES;
				CLANG_WARN_COMMA = YES;
				CLANG_WARN_CONSTANT_CONVERSION = YES;
				CLANG_WARN_DEPRECATED_OBJC_IMPLEMENTATIONS = YES;
				CLANG_WARN_DIRECT_OBJC_ISA_USAGE = YES_ERROR;
				CLANG_WARN_DOCUMENTATION_COMMENTS = YES;
				CLANG_WARN_EMPTY_BODY = YES;
				CLANG_WARN_ENUM_CONVERSION = YES;
				CLANG_WARN_INFINITE_RECURSION = YES;
				CLANG_WARN_INT_CONVERSION = YES;
				CLANG_WARN_NON_LITERAL_NULL_CONVERSION = YES;
				CLANG_WARN_OBJC_IMPLICIT_RETAIN_SELF = YES;
				CLANG_WARN_OBJC_LITERAL_CONVERSION = YES;
				CLANG_WARN_OBJC_ROOT_CLASS = YES_ERROR;
				CLANG_WARN_QUOTED_INCLUDE_IN_FRAMEWORK_HEADER = YES;
				CLANG_WARN_RANGE_LOOP_ANALYSIS = YES;
				CLANG_WARN_STRICT_PROTOTYPES = YES;
				CLANG_WARN_SUSPICIOUS_MOVE = YES;
				CLANG_WARN_UNGUARDED_AVAILABILITY = YES_AGGRESSIVE;
				CLANG_WARN_UNREACHABLE_CODE = YES;
				CLANG_WARN__DUPLICATE_METHOD_MATCH = YES;
				COPY_PHASE_STRIP = NO;
				DEBUG_INFORMATION_FORMAT = dwarf;
				ENABLE_STRICT_OBJC_MSGSEND = YES;
				ENABLE_TESTABILITY = YES;
				GCC_C_LANGUAGE_STANDARD = gnu11;
				GCC_DYNAMIC_NO_PIC = NO;
				GCC_NO_COMMON_BLOCKS = YES;
				GCC_OPTIMIZATION_LEVEL = 0;
				GCC_PREPROCESSOR_DEFINITIONS = (
					"DEBUG=1",
					"$(inherited)",
				);
				GCC_WARN_64_TO_32_BIT_CONVERSION = YES;
				GCC_WARN_ABOUT_RETURN_TYPE = YES_ERROR;
				GCC_WARN_UNDECLARED_SELECTOR = YES;
				GCC_WARN_UNINITIALIZED_AUTOS = YES_AGGRESSIVE;
				GCC_WARN_UNUSED_FUNCTION = YES;
				GCC_WARN_UNUSED_VARIABLE = YES;
				IPHONEOS_DEPLOYMENT_TARGET = 14.5;
				MTL_ENABLE_DEBUG_INFO = INCLUDE_SOURCE;
				MTL_FAST_MATH = YES;
				ONLY_ACTIVE_ARCH = YES;
				SDKROOT = iphoneos;
				SWIFT_ACTIVE_COMPILATION_CONDITIONS = DEBUG;
				SWIFT_OPTIMIZATION_LEVEL = "-Onone";
			};
			name = Debug;
		};
		4387F19B2690120000F6355D /* Release */ = {
			isa = XCBuildConfiguration;
			buildSettings = {
				ALWAYS_SEARCH_USER_PATHS = NO;
				CLANG_ANALYZER_NONNULL = YES;
				CLANG_ANALYZER_NUMBER_OBJECT_CONVERSION = YES_AGGRESSIVE;
				CLANG_CXX_LANGUAGE_STANDARD = "gnu++14";
				CLANG_CXX_LIBRARY = "libc++";
				CLANG_ENABLE_MODULES = YES;
				CLANG_ENABLE_OBJC_ARC = YES;
				CLANG_ENABLE_OBJC_WEAK = YES;
				CLANG_WARN_BLOCK_CAPTURE_AUTORELEASING = YES;
				CLANG_WARN_BOOL_CONVERSION = YES;
				CLANG_WARN_COMMA = YES;
				CLANG_WARN_CONSTANT_CONVERSION = YES;
				CLANG_WARN_DEPRECATED_OBJC_IMPLEMENTATIONS = YES;
				CLANG_WARN_DIRECT_OBJC_ISA_USAGE = YES_ERROR;
				CLANG_WARN_DOCUMENTATION_COMMENTS = YES;
				CLANG_WARN_EMPTY_BODY = YES;
				CLANG_WARN_ENUM_CONVERSION = YES;
				CLANG_WARN_INFINITE_RECURSION = YES;
				CLANG_WARN_INT_CONVERSION = YES;
				CLANG_WARN_NON_LITERAL_NULL_CONVERSION = YES;
				CLANG_WARN_OBJC_IMPLICIT_RETAIN_SELF = YES;
				CLANG_WARN_OBJC_LITERAL_CONVERSION = YES;
				CLANG_WARN_OBJC_ROOT_CLASS = YES_ERROR;
				CLANG_WARN_QUOTED_INCLUDE_IN_FRAMEWORK_HEADER = YES;
				CLANG_WARN_RANGE_LOOP_ANALYSIS = YES;
				CLANG_WARN_STRICT_PROTOTYPES = YES;
				CLANG_WARN_SUSPICIOUS_MOVE = YES;
				CLANG_WARN_UNGUARDED_AVAILABILITY = YES_AGGRESSIVE;
				CLANG_WARN_UNREACHABLE_CODE = YES;
				CLANG_WARN__DUPLICATE_METHOD_MATCH = YES;
				COPY_PHASE_STRIP = NO;
				DEBUG_INFORMATION_FORMAT = "dwarf-with-dsym";
				ENABLE_NS_ASSERTIONS = NO;
				ENABLE_STRICT_OBJC_MSGSEND = YES;
				GCC_C_LANGUAGE_STANDARD = gnu11;
				GCC_NO_COMMON_BLOCKS = YES;
				GCC_WARN_64_TO_32_BIT_CONVERSION = YES;
				GCC_WARN_ABOUT_RETURN_TYPE = YES_ERROR;
				GCC_WARN_UNDECLARED_SELECTOR = YES;
				GCC_WARN_UNINITIALIZED_AUTOS = YES_AGGRESSIVE;
				GCC_WARN_UNUSED_FUNCTION = YES;
				GCC_WARN_UNUSED_VARIABLE = YES;
				IPHONEOS_DEPLOYMENT_TARGET = 14.5;
				MTL_ENABLE_DEBUG_INFO = NO;
				MTL_FAST_MATH = YES;
				SDKROOT = iphoneos;
				SWIFT_COMPILATION_MODE = wholemodule;
				SWIFT_OPTIMIZATION_LEVEL = "-O";
				VALIDATE_PRODUCT = YES;
			};
			name = Release;
		};
		4387F19D2690120000F6355D /* Debug */ = {
			isa = XCBuildConfiguration;
			buildSettings = {
				ASSETCATALOG_COMPILER_APPICON_NAME = AppIcon;
				ASSETCATALOG_COMPILER_GLOBAL_ACCENT_COLOR_NAME = AccentColor;
				CODE_SIGN_STYLE = Automatic;
				DEVELOPMENT_TEAM = W8A2PVHCN3;
				INFOPLIST_FILE = "NiceSpot/Supporting files/Info.plist";
				LD_RUNPATH_SEARCH_PATHS = (
					"$(inherited)",
					"@executable_path/Frameworks",
				);
				PRODUCT_BUNDLE_IDENTIFIER = fr.hludovic.NiceSpot;
				PRODUCT_NAME = "$(TARGET_NAME)";
				SWIFT_VERSION = 5.0;
				TARGETED_DEVICE_FAMILY = 1;
			};
			name = Debug;
		};
		4387F19E2690120000F6355D /* Release */ = {
			isa = XCBuildConfiguration;
			buildSettings = {
				ASSETCATALOG_COMPILER_APPICON_NAME = AppIcon;
				ASSETCATALOG_COMPILER_GLOBAL_ACCENT_COLOR_NAME = AccentColor;
				CODE_SIGN_STYLE = Automatic;
				DEVELOPMENT_TEAM = W8A2PVHCN3;
				INFOPLIST_FILE = "NiceSpot/Supporting files/Info.plist";
				LD_RUNPATH_SEARCH_PATHS = (
					"$(inherited)",
					"@executable_path/Frameworks",
				);
				PRODUCT_BUNDLE_IDENTIFIER = fr.hludovic.NiceSpot;
				PRODUCT_NAME = "$(TARGET_NAME)";
				SWIFT_VERSION = 5.0;
				TARGETED_DEVICE_FAMILY = 1;
			};
			name = Release;
		};
/* End XCBuildConfiguration section */

/* Begin XCConfigurationList section */
		4354C37C2694D49900AD29D1 /* Build configuration list for PBXNativeTarget "NiceSpotTests" */ = {
			isa = XCConfigurationList;
			buildConfigurations = (
				4354C37D2694D49900AD29D1 /* Debug */,
				4354C37E2694D49900AD29D1 /* Release */,
			);
			defaultConfigurationIsVisible = 0;
			defaultConfigurationName = Release;
		};
		4387F183269011FF00F6355D /* Build configuration list for PBXProject "NiceSpot" */ = {
			isa = XCConfigurationList;
			buildConfigurations = (
				4387F19A2690120000F6355D /* Debug */,
				4387F19B2690120000F6355D /* Release */,
			);
			defaultConfigurationIsVisible = 0;
			defaultConfigurationName = Release;
		};
		4387F19C2690120000F6355D /* Build configuration list for PBXNativeTarget "NiceSpot" */ = {
			isa = XCConfigurationList;
			buildConfigurations = (
				4387F19D2690120000F6355D /* Debug */,
				4387F19E2690120000F6355D /* Release */,
			);
			defaultConfigurationIsVisible = 0;
			defaultConfigurationName = Release;
		};
/* End XCConfigurationList section */

/* Begin XCVersionGroup section */
		4387F1A62690195900F6355D /* NiceSpot.xcdatamodeld */ = {
			isa = XCVersionGroup;
			children = (
				4387F1A72690195900F6355D /* NiceSpot.xcdatamodel */,
			);
			currentVersion = 4387F1A72690195900F6355D /* NiceSpot.xcdatamodel */;
			path = NiceSpot.xcdatamodeld;
			sourceTree = "<group>";
			versionGroupType = wrapper.xcdatamodel;
		};
/* End XCVersionGroup section */
	};
	rootObject = 4387F180269011FF00F6355D /* Project object */;
}
